
Microsoft Visual Studio Solution File, Format Version 12.00
# Visual Studio 15
VisualStudioVersion = 15.0.28010.2036
MinimumVisualStudioVersion = 10.0.40219.1
Project("{FAE04EC0-301F-11D3-BF4B-00C04F79EFBC}") = "TP1819", "TP1819\TP1819.csproj", "{FAC616B4-F796-41C6-9B09-9AE608C6CFA7}"
EndProject
Global
	GlobalSection(SolutionConfigurationPlatforms) = preSolution
		Debug|Any CPU = Debug|Any CPU
		Release|Any CPU = Release|Any CPU
	EndGlobalSection
	GlobalSection(ProjectConfigurationPlatforms) = postSolution
		{FAC616B4-F796-41C6-9B09-9AE608C6CFA7}.Debug|Any CPU.ActiveCfg = Debug|Any CPU
		{FAC616B4-F796-41C6-9B09-9AE608C6CFA7}.Debug|Any CPU.Build.0 = Debug|Any CPU
		{FAC616B4-F796-41C6-9B09-9AE608C6CFA7}.Release|Any CPU.ActiveCfg = Release|Any CPU
		{FAC616B4-F796-41C6-9B09-9AE608C6CFA7}.Release|Any CPU.Build.0 = Release|Any CPU
	EndGlobalSection
	GlobalSection(SolutionProperties) = preSolution
		HideSolutionNode = FALSE
	EndGlobalSection
	GlobalSection(ExtensibilityGlobals) = postSolution
		SolutionGuid = {39ED0FFE-1510-4B5F-9F68-E2279ABDEB71}
	EndGlobalSection
EndGlobal
